
Microsoft Visual Studio Solution File, Format Version 12.00
# Visual Studio Version 17
VisualStudioVersion = 17.14.37531.7 d17.14
MinimumVisualStudioVersion = 10.0.40219.1
Project("{FAE04EC0-301F-11D3-BF4B-00C04F79EFBC}") = "WebApplication1", "WebApplication1.csproj", "{84F6E3FF-D06A-49C6-A055-B44BB72C9822}"
EndProject
Global
	GlobalSection(SolutionConfigurationPlatforms) = preSolution
		Debug|Any CPU = Debug|Any CPU
		Release|Any CPU = Release|Any CPU
	EndGlobalSection
	GlobalSection(ProjectConfigurationPlatforms) = postSolution
		{84F6E3FF-D06A-49C6-A055-B44BB72C9822}.Debug|Any CPU.ActiveCfg = Debug|Any CPU
		{84F6E3FF-D06A-49C6-A055-B44BB72C9822}.Debug|Any CPU.Build.0 = Debug|Any CPU
		{84F6E3FF-D06A-49C6-A055-B44BB72C9822}.Release|Any CPU.ActiveCfg = Release|Any CPU
		{84F6E3FF-D06A-49C6-A055-B44BB72C9822}.Release|Any CPU.Build.0 = Release|Any CPU
	EndGlobalSection
	GlobalSection(SolutionProperties) = preSolution
		HideSolutionNode = FALSE
	EndGlobalSection
	GlobalSection(ExtensibilityGlobals) = postSolution
		SolutionGuid = {EB487CB6-58AA-46FC-99B8-F1D12F778750}
	EndGlobalSection
EndGlobal
